PODS:
  - AFNetworking (3.1.0.14)
  - PBHome (1.0.2-SNAPSHOT)
  - SDWebImage (4.1.2):
    - SDWebImage/Core (= 4.1.2)
  - SDWebImage/Core (4.1.2)
  - YYText (1.0.7)

DEPENDENCIES:
  - AFNetworking (= 3.1.0.14)
  - PBHome (= 1.0.2-SNAPSHOT)
  - SDWebImage (~> 4.1.0)
  - YYText (~> 1.0.7)

SPEC CHECKSUMS:
  AFNetworking: 065650da95fe0af5375e34db74c3fcee91e71315
  PBHome: 8e33865eb9e3c8a222d1ef49228d24ae3c89c29d
  SDWebImage: 4b86a229f30a77a39c9a4d1aea624b02a9b30ebe
  YYText: d2750fe6ef7d191178d05dcd571107de50de3197

PODFILE CHECKSUM: ab409766b3859ab645c79a7592477893b6ab5d82

COCOAPODS: 1.2.0
